
Microsoft Visual Studio Solution File, Format Version 12.00
# Visual Studio 15
VisualStudioVersion = 15.0.28307.757
MinimumVisualStudioVersion = 10.0.40219.1
Project("{9A19103F-16F7-4668-BE54-9A1E7A4F7556}") = "Business", "Business\Business.csproj", "{08B2A6A7-9E70-4A18-A4A1-459BE892CBB2}"
EndProject
Project("{9A19103F-16F7-4668-BE54-9A1E7A4F7556}") = "Data", "Data\Data.csproj", "{F30133A2-9658-479E-819F-F3B587C524BA}"
EndProject
Project("{9A19103F-16F7-4668-BE54-9A1E7A4F7556}") = "Model", "Model\Model.csproj", "{4FC84455-D040-4C27-B357-EFE80EFD629A}"
EndProject
Project("{FAE04EC0-301F-11D3-BF4B-00C04F79EFBC}") = "WebUI", "WebUI\WebUI.csproj", "{822F155A-8A46-4AEE-B871-A28B5360A02E}"
EndProject
Global
	GlobalSection(SolutionConfigurationPlatforms) = preSolution
		Debug|Any CPU = Debug|Any CPU
		Release|Any CPU = Release|Any CPU
	EndGlobalSection
	GlobalSection(ProjectConfigurationPlatforms) = postSolution
		{08B2A6A7-9E70-4A18-A4A1-459BE892CBB2}.Debug|Any CPU.ActiveCfg = Debug|Any CPU
		{08B2A6A7-9E70-4A18-A4A1-459BE892CBB2}.Debug|Any CPU.Build.0 = Debug|Any CPU
		{08B2A6A7-9E70-4A18-A4A1-459BE892CBB2}.Release|Any CPU.ActiveCfg = Release|Any CPU
		{08B2A6A7-9E70-4A18-A4A1-459BE892CBB2}.Release|Any CPU.Build.0 = Release|Any CPU
		{F30133A2-9658-479E-819F-F3B587C524BA}.Debug|Any CPU.ActiveCfg = Debug|Any CPU
		{F30133A2-9658-479E-819F-F3B587C524BA}.Debug|Any CPU.Build.0 = Debug|Any CPU
		{F30133A2-9658-479E-819F-F3B587C524BA}.Release|Any CPU.ActiveCfg = Release|Any CPU
		{F30133A2-9658-479E-819F-F3B587C524BA}.Release|Any CPU.Build.0 = Release|Any CPU
		{4FC84455-D040-4C27-B357-EFE80EFD629A}.Debug|Any CPU.ActiveCfg = Debug|Any CPU
		{4FC84455-D040-4C27-B357-EFE80EFD629A}.Debug|Any CPU.Build.0 = Debug|Any CPU
		{4FC84455-D040-4C27-B357-EFE80EFD629A}.Release|Any CPU.ActiveCfg = Release|Any CPU
		{4FC84455-D040-4C27-B357-EFE80EFD629A}.Release|Any CPU.Build.0 = Release|Any CPU
		{822F155A-8A46-4AEE-B871-A28B5360A02E}.Debug|Any CPU.ActiveCfg = Debug|Any CPU
		{822F155A-8A46-4AEE-B871-A28B5360A02E}.Debug|Any CPU.Build.0 = Debug|Any CPU
		{822F155A-8A46-4AEE-B871-A28B5360A02E}.Release|Any CPU.ActiveCfg = Release|Any CPU
		{822F155A-8A46-4AEE-B871-A28B5360A02E}.Release|Any CPU.Build.0 = Release|Any CPU
	EndGlobalSection
	GlobalSection(SolutionProperties) = preSolution
		HideSolutionNode = FALSE
	EndGlobalSection
	GlobalSection(ExtensibilityGlobals) = postSolution
		SolutionGuid = {C8608703-B818-41BC-8898-53DAAC4C88F3}
	EndGlobalSection
EndGlobal
